// !$*UTF8*$!
{
	archiveVersion = 1;
	classes = {
	};
	objectVersion = 56;
	objects = {

/* Begin PBXBuildFile section */
		2B4F40CB2A23C15A001989E6 /* RootView.swift in Sources */ = {isa = PBXBuildFile; fileRef = 2B4F40CA2A23C15A001989E6 /* RootView.swift */; };
		2B4F40D52A23D3C5001989E6 /* LandingViewModel.swift in Sources */ = {isa = PBXBuildFile; fileRef = 2B4F40D42A23D3C5001989E6 /* LandingViewModel.swift */; };
		2B4F40D72A23EBE0001989E6 /* SearchService.swift in Sources */ = {isa = PBXBuildFile; fileRef = 2B4F40D62A23EBE0001989E6 /* SearchService.swift */; };
		2B4F40DA2A23EF0A001989E6 /* DataRetriever.swift in Sources */ = {isa = PBXBuildFile; fileRef = 2B4F40D92A23EF0A001989E6 /* DataRetriever.swift */; };
		2B4F40DD2A23F996001989E6 /* APIGallerySearchResponse.swift in Sources */ = {isa = PBXBuildFile; fileRef = 2B4F40DC2A23F996001989E6 /* APIGallerySearchResponse.swift */; };
		2B4F40DF2A252596001989E6 /* GalleryView.swift in Sources */ = {isa = PBXBuildFile; fileRef = 2B4F40DE2A252596001989E6 /* GalleryView.swift */; };
		2B569BB12A227E0600B1C360 /* tcatApp.swift in Sources */ = {isa = PBXBuildFile; fileRef = 2B569BB02A227E0600B1C360 /* tcatApp.swift */; };
		2B569BB52A227E0800B1C360 /* Assets.xcassets in Resources */ = {isa = PBXBuildFile; fileRef = 2B569BB42A227E0800B1C360 /* Assets.xcassets */; };
		2B569BB82A227E0800B1C360 /* Preview Assets.xcassets in Resources */ = {isa = PBXBuildFile; fileRef = 2B569BB72A227E0800B1C360 /* Preview Assets.xcassets */; };
		7F7E24E327D0CBEC4F68E215 /* Pods_tcat.framework in Frameworks */ = {isa = PBXBuildFile; fileRef = D070E737623B7F73C0ACD853 /* Pods_tcat.framework */; };
/* End PBXBuildFile section */

/* Begin PBXFileReference section */
		2B4F40CA2A23C15A001989E6 /* RootView.swift */ = {isa = PBXFileReference; lastKnownFileType = sourcecode.swift; path = RootView.swift; sourceTree = "<group>"; };
		2B4F40D42A23D3C5001989E6 /* LandingViewModel.swift */ = {isa = PBXFileReference; lastKnownFileType = sourcecode.swift; path = LandingViewModel.swift; sourceTree = "<group>"; };
		2B4F40D62A23EBE0001989E6 /* SearchService.swift */ = {isa = PBXFileReference; fileEncoding = 4; lastKnownFileType = sourcecode.swift; path = SearchService.swift; sourceTree = "<group>"; };
		2B4F40D92A23EF0A001989E6 /* DataRetriever.swift */ = {isa = PBXFileReference; lastKnownFileType = sourcecode.swift; path = DataRetriever.swift; sourceTree = "<group>"; };
		2B4F40DC2A23F996001989E6 /* APIGallerySearchResponse.swift */ = {isa = PBXFileReference; lastKnownFileType = sourcecode.swift; path = APIGallerySearchResponse.swift; sourceTree = "<group>"; };
		2B4F40DE2A252596001989E6 /* GalleryView.swift */ = {isa = PBXFileReference; lastKnownFileType = sourcecode.swift; path = GalleryView.swift; sourceTree = "<group>"; };
		2B569BAD2A227E0600B1C360 /* tcat.app */ = {isa = PBXFileReference; explicitFileType = wrapper.application; includeInIndex = 0; path = tcat.app; sourceTree = BUILT_PRODUCTS_DIR; };
		2B569BB02A227E0600B1C360 /* tcatApp.swift */ = {isa = PBXFileReference; lastKnownFileType = sourcecode.swift; path = tcatApp.swift; sourceTree = "<group>"; };
		2B569BB42A227E0800B1C360 /* Assets.xcassets */ = {isa = PBXFileReference; lastKnownFileType = folder.assetcatalog; path = Assets.xcassets; sourceTree = "<group>"; };
		2B569BB72A227E0800B1C360 /* Preview Assets.xcassets */ = {isa = PBXFileReference; lastKnownFileType = folder.assetcatalog; path = "Preview Assets.xcassets"; sourceTree = "<group>"; };
		93917CDB8E118607ED17199B /* Pods-tcat.debug.xcconfig */ = {isa = PBXFileReference; includeInIndex = 1; lastKnownFileType = text.xcconfig; name = "Pods-tcat.debug.xcconfig"; path = "Target Support Files/Pods-tcat/Pods-tcat.debug.xcconfig"; sourceTree = "<group>"; };
		96B3E1CC9B5624CA6D2D9618 /* Pods-tcat.release.xcconfig */ = {isa = PBXFileReference; includeInIndex = 1; lastKnownFileType = text.xcconfig; name = "Pods-tcat.release.xcconfig"; path = "Target Support Files/Pods-tcat/Pods-tcat.release.xcconfig"; sourceTree = "<group>"; };
		D070E737623B7F73C0ACD853 /* Pods_tcat.framework */ = {isa = PBXFileReference; explicitFileType = wrapper.framework; includeInIndex = 0; path = Pods_tcat.framework; sourceTree = BUILT_PRODUCTS_DIR; };
/* End PBXFileReference section */

/* Begin PBXFrameworksBuildPhase section */
		2B569BAA2A227E0600B1C360 /* Frameworks */ = {
			isa = PBXFrameworksBuildPhase;
			buildActionMask = 2147483647;
			files = (
				7F7E24E327D0CBEC4F68E215 /* Pods_tcat.framework in Frameworks */,
			);
			runOnlyForDeploymentPostprocessing = 0;
		};
/* End PBXFrameworksBuildPhase section */

/* Begin PBXGroup section */
		2B4F40C32A23BBBD001989E6 /* Modules */ = {
			isa = PBXGroup;
			children = (
				2B4F40CD2A23D055001989E6 /* Services */,
				2B4F40C92A23C130001989E6 /* Landing */,
			);
			path = Modules;
			sourceTree = "<group>";
		};
		2B4F40C92A23C130001989E6 /* Landing */ = {
			isa = PBXGroup;
			children = (
				2B4F40D32A23D39A001989E6 /* ViewModel */,
				2B4F40D22A23D369001989E6 /* View */,
			);
			path = Landing;
			sourceTree = "<group>";
		};
		2B4F40CC2A23C4EF001989E6 /* Common */ = {
			isa = PBXGroup;
			children = (
				2B4F40DB2A23F96B001989E6 /* Entities */,
				2B4F40D82A23EEE5001989E6 /* DataRetriever */,
			);
			path = Common;
			sourceTree = "<group>";
		};
		2B4F40CD2A23D055001989E6 /* Services */ = {
			isa = PBXGroup;
			children = (
				2B4F40CE2A23D061001989E6 /* Search */,
			);
			path = Services;
			sourceTree = "<group>";
		};
		2B4F40CE2A23D061001989E6 /* Search */ = {
			isa = PBXGroup;
			children = (
				2B4F40D62A23EBE0001989E6 /* SearchService.swift */,
			);
			path = Search;
			sourceTree = "<group>";
		};
		2B4F40D22A23D369001989E6 /* View */ = {
			isa = PBXGroup;
			children = (
				2B4F40CA2A23C15A001989E6 /* RootView.swift */,
				2B4F40DE2A252596001989E6 /* GalleryView.swift */,
			);
			path = View;
			sourceTree = "<group>";
		};
		2B4F40D32A23D39A001989E6 /* ViewModel */ = {
			isa = PBXGroup;
			children = (
				2B4F40D42A23D3C5001989E6 /* LandingViewModel.swift */,
			);
			path = ViewModel;
			sourceTree = "<group>";
		};
		2B4F40D82A23EEE5001989E6 /* DataRetriever */ = {
			isa = PBXGroup;
			children = (
				2B4F40D92A23EF0A001989E6 /* DataRetriever.swift */,
			);
			path = DataRetriever;
			sourceTree = "<group>";
		};
		2B4F40DB2A23F96B001989E6 /* Entities */ = {
			isa = PBXGroup;
			children = (
				2B4F40DC2A23F996001989E6 /* APIGallerySearchResponse.swift */,
			);
			path = Entities;
			sourceTree = "<group>";
		};
		2B569BA42A227E0600B1C360 = {
			isa = PBXGroup;
			children = (
				2B569BAF2A227E0600B1C360 /* tcat */,
				2B569BAE2A227E0600B1C360 /* Products */,
				361993F44B07A75F22ADC26D /* Pods */,
				8C38801E35E6BB8F3E913D25 /* Frameworks */,
			);
			sourceTree = "<group>";
		};
		2B569BAE2A227E0600B1C360 /* Products */ = {
			isa = PBXGroup;
			children = (
				2B569BAD2A227E0600B1C360 /* tcat.app */,
			);
			name = Products;
			sourceTree = "<group>";
		};
		2B569BAF2A227E0600B1C360 /* tcat */ = {
			isa = PBXGroup;
			children = (
				2B4F40CC2A23C4EF001989E6 /* Common */,
				2B4F40C32A23BBBD001989E6 /* Modules */,
				2B569BB02A227E0600B1C360 /* tcatApp.swift */,
				2B569BB42A227E0800B1C360 /* Assets.xcassets */,
				2B569BB62A227E0800B1C360 /* Preview Content */,
			);
			path = tcat;
			sourceTree = "<group>";
		};
		2B569BB62A227E0800B1C360 /* Preview Content */ = {
			isa = PBXGroup;
			children = (
				2B569BB72A227E0800B1C360 /* Preview Assets.xcassets */,
			);
			path = "Preview Content";
			sourceTree = "<group>";
		};
		361993F44B07A75F22ADC26D /* Pods */ = {
			isa = PBXGroup;
			children = (
				93917CDB8E118607ED17199B /* Pods-tcat.debug.xcconfig */,
				96B3E1CC9B5624CA6D2D9618 /* Pods-tcat.release.xcconfig */,
			);
			path = Pods;
			sourceTree = "<group>";
		};
		8C38801E35E6BB8F3E913D25 /* Frameworks */ = {
			isa = PBXGroup;
			children = (
				D070E737623B7F73C0ACD853 /* Pods_tcat.framework */,
			);
			name = Frameworks;
			sourceTree = "<group>";
		};
/* End PBXGroup section */

/* Begin PBXNativeTarget section */
		2B569BAC2A227E0600B1C360 /* tcat */ = {
			isa = PBXNativeTarget;
			buildConfigurationList = 2B569BBB2A227E0800B1C360 /* Build configuration list for PBXNativeTarget "tcat" */;
			buildPhases = (
				21C7858E1C9C79DCBD2D8653 /* [CP] Check Pods Manifest.lock */,
				2B569BA92A227E0600B1C360 /* Sources */,
				2B569BAA2A227E0600B1C360 /* Frameworks */,
				2B569BAB2A227E0600B1C360 /* Resources */,
				ADF481A31050FACAF5CFBC3E /* [CP] Embed Pods Frameworks */,
			);
			buildRules = (
			);
			dependencies = (
			);
			name = tcat;
			productName = tcat;
			productReference = 2B569BAD2A227E0600B1C360 /* tcat.app */;
			productType = "com.apple.product-type.application";
		};
/* End PBXNativeTarget section */

/* Begin PBXProject section */
		2B569BA52A227E0600B1C360 /* Project object */ = {
			isa = PBXProject;
			attributes = {
				BuildIndependentTargetsInParallel = 1;
				LastSwiftUpdateCheck = 1430;
				LastUpgradeCheck = 1430;
				TargetAttributes = {
					2B569BAC2A227E0600B1C360 = {
						CreatedOnToolsVersion = 14.3.1;
					};
				};
			};
			buildConfigurationList = 2B569BA82A227E0600B1C360 /* Build configuration list for PBXProject "tcat" */;
			compatibilityVersion = "Xcode 14.0";
			developmentRegion = en;
			hasScannedForEncodings = 0;
			knownRegions = (
				en,
				Base,
			);
			mainGroup = 2B569BA42A227E0600B1C360;
			productRefGroup = 2B569BAE2A227E0600B1C360 /* Products */;
			projectDirPath = "";
			projectRoot = "";
			targets = (
				2B569BAC2A227E0600B1C360 /* tcat */,
			);
		};
/* End PBXProject section */

/* Begin PBXResourcesBuildPhase section */
		2B569BAB2A227E0600B1C360 /* Resources */ = {
			isa = PBXResourcesBuildPhase;
			buildActionMask = 2147483647;
			files = (
				2B569BB82A227E0800B1C360 /* Preview Assets.xcassets in Resources */,
				2B569BB52A227E0800B1C360 /* Assets.xcassets in Resources */,
			);
			runOnlyForDeploymentPostprocessing = 0;
		};
/* End PBXResourcesBuildPhase section */

/* Begin PBXShellScriptBuildPhase section */
		21C7858E1C9C79DCBD2D8653 /* [CP] Check Pods Manifest.lock */ = {
			isa = PBXShellScriptBuildPhase;
			buildActionMask = 2147483647;
			files = (
			);
			inputFileListPaths = (
			);
			inputPaths = (
				"${PODS_PODFILE_DIR_PATH}/Podfile.lock",
				"${PODS_ROOT}/Manifest.lock",
			);
			name = "[CP] Check Pods Manifest.lock";
			outputFileListPaths = (
			);
			outputPaths = (
				"$(DERIVED_FILE_DIR)/Pods-tcat-checkManifestLockResult.txt",
			);
			runOnlyForDeploymentPostprocessing = 0;
			shellPath = /bin/sh;
			shellScript = "diff \"${PODS_PODFILE_DIR_PATH}/Podfile.lock\" \"${PODS_ROOT}/Manifest.lock\" > /dev/null\nif [ $? != 0 ] ; then\n    # print error to STDERR\n    echo \"error: The sandbox is not in sync with the Podfile.lock. Run 'pod install' or update your CocoaPods installation.\" >&2\n    exit 1\nfi\n# This output is used by Xcode 'outputs' to avoid re-running this script phase.\necho \"SUCCESS\" > \"${SCRIPT_OUTPUT_FILE_0}\"\n";
			showEnvVarsInLog = 0;
		};
		ADF481A31050FACAF5CFBC3E /* [CP] Embed Pods Frameworks */ = {
			isa = PBXShellScriptBuildPhase;
			buildActionMask = 2147483647;
			files = (
			);
			inputFileListPaths = (
				"${PODS_ROOT}/Target Support Files/Pods-tcat/Pods-tcat-frameworks-${CONFIGURATION}-input-files.xcfilelist",
			);
			name = "[CP] Embed Pods Frameworks";
			outputFileListPaths = (
				"${PODS_ROOT}/Target Support Files/Pods-tcat/Pods-tcat-frameworks-${CONFIGURATION}-output-files.xcfilelist",
			);
			runOnlyForDeploymentPostprocessing = 0;
			shellPath = /bin/sh;
			shellScript = "\"${PODS_ROOT}/Target Support Files/Pods-tcat/Pods-tcat-frameworks.sh\"\n";
			showEnvVarsInLog = 0;
		};
/* End PBXShellScriptBuildPhase section */

/* Begin PBXSourcesBuildPhase section */
		2B569BA92A227E0600B1C360 /* Sources */ = {
			isa = PBXSourcesBuildPhase;
			buildActionMask = 2147483647;
			files = (
				2B4F40DF2A252596001989E6 /* GalleryView.swift in Sources */,
				2B4F40CB2A23C15A001989E6 /* RootView.swift in Sources */,
				2B4F40D72A23EBE0001989E6 /* SearchService.swift in Sources */,
				2B4F40D52A23D3C5001989E6 /* LandingViewModel.swift in Sources */,
				2B569BB12A227E0600B1C360 /* tcatApp.swift in Sources */,
				2B4F40DD2A23F996001989E6 /* APIGallerySearchResponse.swift in Sources */,
				2B4F40DA2A23EF0A001989E6 /* DataRetriever.swift in Sources */,
			);
			runOnlyForDeploymentPostprocessing = 0;
		};
/* End PBXSourcesBuildPhase section */

/* Begin XCBuildConfiguration section */
		2B569BB92A227E0800B1C360 /* Debug */ = {
			isa = XCBuildConfiguration;
			buildSettings = {
				ALWAYS_SEARCH_USER_PATHS = NO;
				CLANG_ANALYZER_NONNULL = YES;
				CLANG_ANALYZER_NUMBER_OBJECT_CONVERSION = YES_AGGRESSIVE;
				CLANG_CXX_LANGUAGE_STANDARD = "gnu++20";
				CLANG_ENABLE_MODULES = YES;
				CLANG_ENABLE_OBJC_ARC = YES;
				CLANG_ENABLE_OBJC_WEAK = YES;
				CLANG_WARN_BLOCK_CAPTURE_AUTORELEASING = YES;
				CLANG_WARN_BOOL_CONVERSION = YES;
				CLANG_WARN_COMMA = YES;
				CLANG_WARN_CONSTANT_CONVERSION = YES;
				CLANG_WARN_DEPRECATED_OBJC_IMPLEMENTATIONS = YES;
				CLANG_WARN_DIRECT_OBJC_ISA_USAGE = YES_ERROR;
				CLANG_WARN_DOCUMENTATION_COMMENTS = YES;
				CLANG_WARN_EMPTY_BODY = YES;
				CLANG_WARN_ENUM_CONVERSION = YES;
				CLANG_WARN_INFINITE_RECURSION = YES;
				CLANG_WARN_INT_CONVERSION = YES;
				CLANG_WARN_NON_LITERAL_NULL_CONVERSION = YES;
				CLANG_WARN_OBJC_IMPLICIT_RETAIN_SELF = YES;
				CLANG_WARN_OBJC_LITERAL_CONVERSION = YES;
				CLANG_WARN_OBJC_ROOT_CLASS = YES_ERROR;
				CLANG_WARN_QUOTED_INCLUDE_IN_FRAMEWORK_HEADER = YES;
				CLANG_WARN_RANGE_LOOP_ANALYSIS = YES;
				CLANG_WARN_STRICT_PROTOTYPES = YES;
				CLANG_WARN_SUSPICIOUS_MOVE = YES;
				CLANG_WARN_UNGUARDED_AVAILABILITY = YES_AGGRESSIVE;
				CLANG_WARN_UNREACHABLE_CODE = YES;
				CLANG_WARN__DUPLICATE_METHOD_MATCH = YES;
				COPY_PHASE_STRIP = NO;
				DEBUG_INFORMATION_FORMAT = dwarf;
				ENABLE_STRICT_OBJC_MSGSEND = YES;
				ENABLE_TESTABILITY = YES;
				GCC_C_LANGUAGE_STANDARD = gnu11;
				GCC_DYNAMIC_NO_PIC = NO;
				GCC_NO_COMMON_BLOCKS = YES;
				GCC_OPTIMIZATION_LEVEL = 0;
				GCC_PREPROCESSOR_DEFINITIONS = (
					"DEBUG=1",
					"$(inherited)",
				);
				GCC_WARN_64_TO_32_BIT_CONVERSION = YES;
				GCC_WARN_ABOUT_RETURN_TYPE = YES_ERROR;
				GCC_WARN_UNDECLARED_SELECTOR = YES;
				GCC_WARN_UNINITIALIZED_AUTOS = YES_AGGRESSIVE;
				GCC_WARN_UNUSED_FUNCTION = YES;
				GCC_WARN_UNUSED_VARIABLE = YES;
				IPHONEOS_DEPLOYMENT_TARGET = 16.0;
				MTL_ENABLE_DEBUG_INFO = INCLUDE_SOURCE;
				MTL_FAST_MATH = YES;
				ONLY_ACTIVE_ARCH = YES;
				SDKROOT = iphoneos;
				SWIFT_ACTIVE_COMPILATION_CONDITIONS = DEBUG;
				SWIFT_OPTIMIZATION_LEVEL = "-Onone";
			};
			name = Debug;
		};
		2B569BBA2A227E0800B1C360 /* Release */ = {
			isa = XCBuildConfiguration;
			buildSettings = {
				ALWAYS_SEARCH_USER_PATHS = NO;
				CLANG_ANALYZER_NONNULL = YES;
				CLANG_ANALYZER_NUMBER_OBJECT_CONVERSION = YES_AGGRESSIVE;
				CLANG_CXX_LANGUAGE_STANDARD = "gnu++20";
				CLANG_ENABLE_MODULES = YES;
				CLANG_ENABLE_OBJC_ARC = YES;
				CLANG_ENABLE_OBJC_WEAK = YES;
				CLANG_WARN_BLOCK_CAPTURE_AUTORELEASING = YES;
				CLANG_WARN_BOOL_CONVERSION = YES;
				CLANG_WARN_COMMA = YES;
				CLANG_WARN_CONSTANT_CONVERSION = YES;
				CLANG_WARN_DEPRECATED_OBJC_IMPLEMENTATIONS = YES;
				CLANG_WARN_DIRECT_OBJC_ISA_USAGE = YES_ERROR;
				CLANG_WARN_DOCUMENTATION_COMMENTS = YES;
				CLANG_WARN_EMPTY_BODY = YES;
				CLANG_WARN_ENUM_CONVERSION = YES;
				CLANG_WARN_INFINITE_RECURSION = YES;
				CLANG_WARN_INT_CONVERSION = YES;
				CLANG_WARN_NON_LITERAL_NULL_CONVERSION = YES;
				CLANG_WARN_OBJC_IMPLICIT_RETAIN_SELF = YES;
				CLANG_WARN_OBJC_LITERAL_CONVERSION = YES;
				CLANG_WARN_OBJC_ROOT_CLASS = YES_ERROR;
				CLANG_WARN_QUOTED_INCLUDE_IN_FRAMEWORK_HEADER = YES;
				CLANG_WARN_RANGE_LOOP_ANALYSIS = YES;
				CLANG_WARN_STRICT_PROTOTYPES = YES;
				CLANG_WARN_SUSPICIOUS_MOVE = YES;
				CLANG_WARN_UNGUARDED_AVAILABILITY = YES_AGGRESSIVE;
				CLANG_WARN_UNREACHABLE_CODE = YES;
				CLANG_WARN__DUPLICATE_METHOD_MATCH = YES;
				COPY_PHASE_STRIP = NO;
				DEBUG_INFORMATION_FORMAT = "dwarf-with-dsym";
				ENABLE_NS_ASSERTIONS = NO;
				ENABLE_STRICT_OBJC_MSGSEND = YES;
				GCC_C_LANGUAGE_STANDARD = gnu11;
				GCC_NO_COMMON_BLOCKS = YES;
				GCC_WARN_64_TO_32_BIT_CONVERSION = YES;
				GCC_WARN_ABOUT_RETURN_TYPE = YES_ERROR;
				GCC_WARN_UNDECLARED_SELECTOR = YES;
				GCC_WARN_UNINITIALIZED_AUTOS = YES_AGGRESSIVE;
				GCC_WARN_UNUSED_FUNCTION = YES;
				GCC_WARN_UNUSED_VARIABLE = YES;
				IPHONEOS_DEPLOYMENT_TARGET = 16.0;
				MTL_ENABLE_DEBUG_INFO = NO;
				MTL_FAST_MATH = YES;
				SDKROOT = iphoneos;
				SWIFT_COMPILATION_MODE = wholemodule;
				SWIFT_OPTIMIZATION_LEVEL = "-O";
				VALIDATE_PRODUCT = YES;
			};
			name = Release;
		};
		2B569BBC2A227E0800B1C360 /* Debug */ = {
			isa = XCBuildConfiguration;
			baseConfigurationReference = 93917CDB8E118607ED17199B /* Pods-tcat.debug.xcconfig */;
			buildSettings = {
				ASSETCATALOG_COMPILER_APPICON_NAME = AppIcon;
				ASSETCATALOG_COMPILER_GLOBAL_ACCENT_COLOR_NAME = AccentColor;
				CODE_SIGN_STYLE = Automatic;
				CURRENT_PROJECT_VERSION = 1;
				DEVELOPMENT_ASSET_PATHS = "\"tcat/Preview Content\"";
				ENABLE_PREVIEWS = YES;
				GENERATE_INFOPLIST_FILE = YES;
				INFOPLIST_KEY_CFBundleDisplayName = "top-cat";
				INFOPLIST_KEY_UIApplicationSceneManifest_Generation = YES;
				INFOPLIST_KEY_UIApplicationSupportsIndirectInputEvents = YES;
				INFOPLIST_KEY_UILaunchScreen_Generation = YES;
				INFOPLIST_KEY_UISupportedInterfaceOrientations_iPad = "UIInterfaceOrientationPortrait UIInterfaceOrientationPortraitUpsideDown UIInterfaceOrientationLandscapeLeft UIInterfaceOrientationLandscapeRight";
				INFOPLIST_KEY_UISupportedInterfaceOrientations_iPhone = "UIInterfaceOrientationPortrait UIInterfaceOrientationLandscapeLeft UIInterfaceOrientationLandscapeRight";
				IPHONEOS_DEPLOYMENT_TARGET = 16.0;
				LD_RUNPATH_SEARCH_PATHS = (
					"$(inherited)",
					"@executable_path/Frameworks",
				);
				MARKETING_VERSION = 1.0;
				PRODUCT_BUNDLE_IDENTIFIER = madebydak.tcat;
				PRODUCT_NAME = "$(TARGET_NAME)";
				SUPPORTED_PLATFORMS = "iphoneos iphonesimulator";
				SUPPORTS_MACCATALYST = NO;
				SUPPORTS_MAC_DESIGNED_FOR_IPHONE_IPAD = YES;
				SWIFT_EMIT_LOC_STRINGS = YES;
				SWIFT_VERSION = 5.0;
				TARGETED_DEVICE_FAMILY = 1;
			};
			name = Debug;
		};
		2B569BBD2A227E0800B1C360 /* Release */ = {
			isa = XCBuildConfiguration;
			baseConfigurationReference = 96B3E1CC9B5624CA6D2D9618 /* Pods-tcat.release.xcconfig */;
			buildSettings = {
				ASSETCATALOG_COMPILER_APPICON_NAME = AppIcon;
				ASSETCATALOG_COMPILER_GLOBAL_ACCENT_COLOR_NAME = AccentColor;
				CODE_SIGN_STYLE = Automatic;
				CURRENT_PROJECT_VERSION = 1;
				DEVELOPMENT_ASSET_PATHS = "\"tcat/Preview Content\"";
				ENABLE_PREVIEWS = YES;
				GENERATE_INFOPLIST_FILE = YES;
				INFOPLIST_KEY_CFBundleDisplayName = "top-cat";
				INFOPLIST_KEY_UIApplicationSceneManifest_Generation = YES;
				INFOPLIST_KEY_UIApplicationSupportsIndirectInputEvents = YES;
				INFOPLIST_KEY_UILaunchScreen_Generation = YES;
				INFOPLIST_KEY_UISupportedInterfaceOrientations_iPad = "UIInterfaceOrientationPortrait UIInterfaceOrientationPortraitUpsideDown UIInterfaceOrientationLandscapeLeft UIInterfaceOrientationLandscapeRight";
				INFOPLIST_KEY_UISupportedInterfaceOrientations_iPhone = "UIInterfaceOrientationPortrait UIInterfaceOrientationLandscapeLeft UIInterfaceOrientationLandscapeRight";
				IPHONEOS_DEPLOYMENT_TARGET = 16.0;
				LD_RUNPATH_SEARCH_PATHS = (
					"$(inherited)",
					"@executable_path/Frameworks",
				);
				MARKETING_VERSION = 1.0;
				PRODUCT_BUNDLE_IDENTIFIER = madebydak.tcat;
				PRODUCT_NAME = "$(TARGET_NAME)";
				SUPPORTED_PLATFORMS = "iphoneos iphonesimulator";
				SUPPORTS_MACCATALYST = NO;
				SUPPORTS_MAC_DESIGNED_FOR_IPHONE_IPAD = YES;
				SWIFT_EMIT_LOC_STRINGS = YES;
				SWIFT_VERSION = 5.0;
				TARGETED_DEVICE_FAMILY = 1;
			};
			name = Release;
		};
/* End XCBuildConfiguration section */

/* Begin XCConfigurationList section */
		2B569BA82A227E0600B1C360 /* Build configuration list for PBXProject "tcat" */ = {
			isa = XCConfigurationList;
			buildConfigurations = (
				2B569BB92A227E0800B1C360 /* Debug */,
				2B569BBA2A227E0800B1C360 /* Release */,
			);
			defaultConfigurationIsVisible = 0;
			defaultConfigurationName = Debug;
		};
		2B569BBB2A227E0800B1C360 /* Build configuration list for PBXNativeTarget "tcat" */ = {
			isa = XCConfigurationList;
			buildConfigurations = (
				2B569BBC2A227E0800B1C360 /* Debug */,
				2B569BBD2A227E0800B1C360 /* Release */,
			);
			defaultConfigurationIsVisible = 0;
			defaultConfigurationName = Debug;
		};
/* End XCConfigurationList section */
	};
	rootObject = 2B569BA52A227E0600B1C360 /* Project object */;
}
